
Microsoft Visual Studio Solution File, Format Version 11.00
# Visual Studio 2010
Project("{FAE04EC0-301F-11D3-BF4B-00C04F79EFBC}") = "Zombie", "Assembly-CSharp-firstpass.csproj", "{672124EC-4DC8-A14A-9F1D-3CB930625F59}"
EndProject
Project("{FAE04EC0-301F-11D3-BF4B-00C04F79EFBC}") = "Zombie", "Assembly-CSharp.csproj", "{A9C6A3E7-F7E6-C880-8FFA-B82E571A36B9}"
EndProject
Project("{FAE04EC0-301F-11D3-BF4B-00C04F79EFBC}") = "Zombie", "Assembly-CSharp-Editor-firstpass.csproj", "{58311234-D25D-39F8-B7B1-D4CB1F52E7BD}"
EndProject
Project("{FAE04EC0-301F-11D3-BF4B-00C04F79EFBC}") = "Zombie", "Assembly-CSharp-Editor.csproj", "{9EB8F7F0-733E-D3A7-44D1-94DBCA7BCF63}"
EndProject
Global
	GlobalSection(SolutionConfigurationPlatforms) = preSolution
		Debug|Any CPU = Debug|Any CPU
		Release|Any CPU = Release|Any CPU
	EndGlobalSection
	GlobalSection(ProjectConfigurationPlatforms) = postSolution
		{672124EC-4DC8-A14A-9F1D-3CB930625F59}.Debug|Any CPU.ActiveCfg = Debug|Any CPU
		{672124EC-4DC8-A14A-9F1D-3CB930625F59}.Debug|Any CPU.Build.0 = Debug|Any CPU
		{672124EC-4DC8-A14A-9F1D-3CB930625F59}.Release|Any CPU.ActiveCfg = Release|Any CPU
		{672124EC-4DC8-A14A-9F1D-3CB930625F59}.Release|Any CPU.Build.0 = Release|Any CPU
		{A9C6A3E7-F7E6-C880-8FFA-B82E571A36B9}.Debug|Any CPU.ActiveCfg = Debug|Any CPU
		{A9C6A3E7-F7E6-C880-8FFA-B82E571A36B9}.Debug|Any CPU.Build.0 = Debug|Any CPU
		{A9C6A3E7-F7E6-C880-8FFA-B82E571A36B9}.Release|Any CPU.ActiveCfg = Release|Any CPU
		{A9C6A3E7-F7E6-C880-8FFA-B82E571A36B9}.Release|Any CPU.Build.0 = Release|Any CPU
		{58311234-D25D-39F8-B7B1-D4CB1F52E7BD}.Debug|Any CPU.ActiveCfg = Debug|Any CPU
		{58311234-D25D-39F8-B7B1-D4CB1F52E7BD}.Debug|Any CPU.Build.0 = Debug|Any CPU
		{58311234-D25D-39F8-B7B1-D4CB1F52E7BD}.Release|Any CPU.ActiveCfg = Release|Any CPU
		{58311234-D25D-39F8-B7B1-D4CB1F52E7BD}.Release|Any CPU.Build.0 = Release|Any CPU
		{9EB8F7F0-733E-D3A7-44D1-94DBCA7BCF63}.Debug|Any CPU.ActiveCfg = Debug|Any CPU
		{9EB8F7F0-733E-D3A7-44D1-94DBCA7BCF63}.Debug|Any CPU.Build.0 = Debug|Any CPU
		{9EB8F7F0-733E-D3A7-44D1-94DBCA7BCF63}.Release|Any CPU.ActiveCfg = Release|Any CPU
		{9EB8F7F0-733E-D3A7-44D1-94DBCA7BCF63}.Release|Any CPU.Build.0 = Release|Any CPU
	EndGlobalSection
	GlobalSection(SolutionProperties) = preSolution
		HideSolutionNode = FALSE
	EndGlobalSection
	GlobalSection(MonoDevelopProperties) = preSolution
		StartupItem = Assembly-CSharp.csproj
	EndGlobalSection
EndGlobal
